
Microsoft Visual Studio Solution File, Format Version 10.00
# Visual Studio 2008
Project("{FAE04EC0-301F-11D3-BF4B-00C04F79EFBC}") = "SimpleOrgChart", "SimpleOrgChart - Final\SimpleOrgChart.csproj", "{CF9EACE8-A286-497B-83D9-A5F0441A989B}"
EndProject
Project("{FAE04EC0-301F-11D3-BF4B-00C04F79EFBC}") = "SimpleOrgChart.UnitTests", "SimpleOrgChart - Final.UnitTests\SimpleOrgChart.UnitTests.csproj", "{D9510FAB-D557-49BA-9EC2-493AF83420FD}"
EndProject
Project("{2150E333-8FDC-42A3-9474-1A3956D46DE8}") = "5 - SimpleOrgChart - Final", "5 - SimpleOrgChart - Final", "{2A1BC54D-A09A-40B7-AD93-9359065FEC6D}"
EndProject
Project("{2150E333-8FDC-42A3-9474-1A3956D46DE8}") = "1 - SimpleOrgChart - Start", "1 - SimpleOrgChart - Start", "{29A4BBC1-CBAE-4D97-A668-F4617044DE3A}"
EndProject
Project("{2150E333-8FDC-42A3-9474-1A3956D46DE8}") = "3 - SimpleOrgChart - Command Pattern", "3 - SimpleOrgChart - Command Pattern", "{035C2721-5D54-4066-A848-60828147CA43}"
EndProject
Project("{FAE04EC0-301F-11D3-BF4B-00C04F79EFBC}") = "SimpleOrgChart-CommandPattern", "SimpleOrgChart-CommandPattern\SimpleOrgChart-CommandPattern.csproj", "{D4E6948A-5955-496D-8DCA-4AFB9168FC86}"
EndProject
Project("{FAE04EC0-301F-11D3-BF4B-00C04F79EFBC}") = "Simple Command Pattern Example", "Simple Command Pattern Example\Simple Command Pattern Example.csproj", "{60220936-C570-4925-860A-747D9F4B61C2}"
EndProject
Project("{2150E333-8FDC-42A3-9474-1A3956D46DE8}") = "2 - SimpleOrgChart - Workflow", "2 - SimpleOrgChart - Workflow", "{EAF19370-BD1C-434C-AD8B-87BD5BFA56A5}"
EndProject
Project("{FAE04EC0-301F-11D3-BF4B-00C04F79EFBC}") = "SimpleOrgChart-Workflow", "SimpleOrgChart-Workflow\SimpleOrgChart-Workflow.csproj", "{23CB7C8F-70D9-404D-A0E0-5FE65A6BE2C2}"
EndProject
Project("{FAE04EC0-301F-11D3-BF4B-00C04F79EFBC}") = "SimpleOrgChart-Start", "SimpleOrgChart-Start\SimpleOrgChart-Start.csproj", "{A0B6BB03-5530-4CCD-9A7A-2F61648F698D}"
EndProject
Project("{2150E333-8FDC-42A3-9474-1A3956D46DE8}") = "4 - SimpleOrgChart - Event Aggregator", "4 - SimpleOrgChart - Event Aggregator", "{6E559C26-4779-4A6C-8D58-EC1F72E3E8C8}"
EndProject
Global
	GlobalSection(SolutionConfigurationPlatforms) = preSolution
		Debug|Any CPU = Debug|Any CPU
		Release|Any CPU = Release|Any CPU
	EndGlobalSection
	GlobalSection(ProjectConfigurationPlatforms) = postSolution
		{CF9EACE8-A286-497B-83D9-A5F0441A989B}.Debug|Any CPU.ActiveCfg = Debug|Any CPU
		{CF9EACE8-A286-497B-83D9-A5F0441A989B}.Debug|Any CPU.Build.0 = Debug|Any CPU
		{CF9EACE8-A286-497B-83D9-A5F0441A989B}.Release|Any CPU.ActiveCfg = Release|Any CPU
		{CF9EACE8-A286-497B-83D9-A5F0441A989B}.Release|Any CPU.Build.0 = Release|Any CPU
		{D9510FAB-D557-49BA-9EC2-493AF83420FD}.Debug|Any CPU.ActiveCfg = Debug|Any CPU
		{D9510FAB-D557-49BA-9EC2-493AF83420FD}.Debug|Any CPU.Build.0 = Debug|Any CPU
		{D9510FAB-D557-49BA-9EC2-493AF83420FD}.Release|Any CPU.ActiveCfg = Release|Any CPU
		{D9510FAB-D557-49BA-9EC2-493AF83420FD}.Release|Any CPU.Build.0 = Release|Any CPU
		{D4E6948A-5955-496D-8DCA-4AFB9168FC86}.Debug|Any CPU.ActiveCfg = Debug|Any CPU
		{D4E6948A-5955-496D-8DCA-4AFB9168FC86}.Debug|Any CPU.Build.0 = Debug|Any CPU
		{D4E6948A-5955-496D-8DCA-4AFB9168FC86}.Release|Any CPU.ActiveCfg = Release|Any CPU
		{D4E6948A-5955-496D-8DCA-4AFB9168FC86}.Release|Any CPU.Build.0 = Release|Any CPU
		{60220936-C570-4925-860A-747D9F4B61C2}.Debug|Any CPU.ActiveCfg = Debug|Any CPU
		{60220936-C570-4925-860A-747D9F4B61C2}.Debug|Any CPU.Build.0 = Debug|Any CPU
		{60220936-C570-4925-860A-747D9F4B61C2}.Release|Any CPU.ActiveCfg = Release|Any CPU
		{60220936-C570-4925-860A-747D9F4B61C2}.Release|Any CPU.Build.0 = Release|Any CPU
		{23CB7C8F-70D9-404D-A0E0-5FE65A6BE2C2}.Debug|Any CPU.ActiveCfg = Debug|Any CPU
		{23CB7C8F-70D9-404D-A0E0-5FE65A6BE2C2}.Debug|Any CPU.Build.0 = Debug|Any CPU
		{23CB7C8F-70D9-404D-A0E0-5FE65A6BE2C2}.Release|Any CPU.ActiveCfg = Release|Any CPU
		{23CB7C8F-70D9-404D-A0E0-5FE65A6BE2C2}.Release|Any CPU.Build.0 = Release|Any CPU
		{A0B6BB03-5530-4CCD-9A7A-2F61648F698D}.Debug|Any CPU.ActiveCfg = Debug|Any CPU
		{A0B6BB03-5530-4CCD-9A7A-2F61648F698D}.Debug|Any CPU.Build.0 = Debug|Any CPU
		{A0B6BB03-5530-4CCD-9A7A-2F61648F698D}.Release|Any CPU.ActiveCfg = Release|Any CPU
		{A0B6BB03-5530-4CCD-9A7A-2F61648F698D}.Release|Any CPU.Build.0 = Release|Any CPU
	EndGlobalSection
	GlobalSection(SolutionProperties) = preSolution
		HideSolutionNode = FALSE
	EndGlobalSection
	GlobalSection(NestedProjects) = preSolution
		{D9510FAB-D557-49BA-9EC2-493AF83420FD} = {2A1BC54D-A09A-40B7-AD93-9359065FEC6D}
		{CF9EACE8-A286-497B-83D9-A5F0441A989B} = {2A1BC54D-A09A-40B7-AD93-9359065FEC6D}
		{A0B6BB03-5530-4CCD-9A7A-2F61648F698D} = {29A4BBC1-CBAE-4D97-A668-F4617044DE3A}
		{D4E6948A-5955-496D-8DCA-4AFB9168FC86} = {035C2721-5D54-4066-A848-60828147CA43}
		{60220936-C570-4925-860A-747D9F4B61C2} = {035C2721-5D54-4066-A848-60828147CA43}
		{23CB7C8F-70D9-404D-A0E0-5FE65A6BE2C2} = {EAF19370-BD1C-434C-AD8B-87BD5BFA56A5}
	EndGlobalSection
EndGlobal
